
Microsoft Visual Studio Solution File, Format Version 12.00
# Visual Studio Version 17
VisualStudioVersion = 17.0.31903.59
MinimumVisualStudioVersion = 10.0.40219.1
Project("{2150E333-8FDC-42A3-9474-1A3956D46DE8}") = "src", "src", "{51C755C8-FA8C-4D3B-86C2-AF39233C85CA}"
EndProject
Project("{FAE04EC0-301F-11D3-BF4B-00C04F79EFBC}") = "ReleaseNotesScribe", "src\ReleaseNotesScribe\ReleaseNotesScribe.csproj", "{2D6856D3-4045-415C-A594-142EDD172867}"
EndProject
Global
	GlobalSection(SolutionConfigurationPlatforms) = preSolution
		Debug|Any CPU = Debug|Any CPU
		Release|Any CPU = Release|Any CPU
	EndGlobalSection
	GlobalSection(SolutionProperties) = preSolution
		HideSolutionNode = FALSE
	EndGlobalSection
	GlobalSection(ProjectConfigurationPlatforms) = postSolution
		{2D6856D3-4045-415C-A594-142EDD172867}.Debug|Any CPU.ActiveCfg = Debug|Any CPU
		{2D6856D3-4045-415C-A594-142EDD172867}.Debug|Any CPU.Build.0 = Debug|Any CPU
		{2D6856D3-4045-415C-A594-142EDD172867}.Release|Any CPU.ActiveCfg = Release|Any CPU
		{2D6856D3-4045-415C-A594-142EDD172867}.Release|Any CPU.Build.0 = Release|Any CPU
	EndGlobalSection
	GlobalSection(NestedProjects) = preSolution
		{2D6856D3-4045-415C-A594-142EDD172867} = {51C755C8-FA8C-4D3B-86C2-AF39233C85CA}
	EndGlobalSection
EndGlobal
